<?xml version="1.0" encoding="UTF-8" standalone="yes" ?>
<CodeBlocks_project_file>
	<FileVersion major="1" minor="6" />
	<Project>
		<Option title="Labyrinth of Zombies" />
		<Option pch_mode="2" />
		<Option compiler="gcc" />
		<Option virtualFolders="Entities\;Clickables\;GUI\;" />
		<Build>
			<Target title="Windows Debug">
				<Option platforms="Windows;" />
				<Option output="Labyrinth of Zombies Debug" prefix_auto="1" extension_auto="1" />
				<Option object_output="Debug/" />
				<Option type="1" />
				<Option compiler="gcc" />
				<Compiler>
					<Add option="-g" />
				</Compiler>
				<Linker>
					<Add option="-lsfml-graphics-s-d" />
					<Add option="-lsfml-window-s-d" />
					<Add option="-lsfml-system-s-d" />
					<Add option="-lYAML-s-d" />
					<Add option="-lboost_filesystem" />
					<Add option="-lboost_system" />
					<Add option="-llua52" />
				</Linker>
			</Target>
			<Target title="Windows Release">
				<Option platforms="Windows;" />
				<Option output="Labyrinth of Zombies" prefix_auto="1" extension_auto="1" />
				<Option object_output="Release/" />
				<Option type="0" />
				<Option compiler="gcc" />
				<Compiler>
					<Add option="-O2" />
				</Compiler>
				<Linker>
					<Add option="-s" />
					<Add option="-lsfml-graphics-s" />
					<Add option="-lsfml-window-s" />
					<Add option="-lsfml-system-s" />
					<Add option="-lYAML-s" />
					<Add option="-lboost_filesystem" />
					<Add option="-lboost_system" />
					<Add option="-llua52" />
				</Linker>
			</Target>
			<Target title="Linux Debug">
				<Option platforms="Unix;" />
				<Option output="Labyrinth of Zombies Debug.bin" prefix_auto="0" extension_auto="0" />
				<Option type="1" />
				<Option compiler="gcc" />
				<Compiler>
					<Add option="-g" />
				</Compiler>
				<Linker>
					<Add option="-lsfml-graphics" />
					<Add option="-lsfml-window" />
					<Add option="-lsfml-system" />
					<Add option="-lyaml-cpp" />
					<Add option="-lboost_filesystem" />
					<Add option="-lboost_system" />
				</Linker>
			</Target>
			<Target title="Linux Release">
				<Option platforms="Unix;" />
				<Option output="Labyrinth of Zombies.bin" prefix_auto="0" extension_auto="0" />
				<Option type="0" />
				<Option compiler="gcc" />
				<Compiler>
					<Add option="-O2" />
				</Compiler>
				<Linker>
					<Add option="-s" />
					<Add option="-lsfml-graphics" />
					<Add option="-lsfml-window" />
					<Add option="-lsfml-system" />
					<Add option="-lyaml-cpp" />
					<Add option="-lboost_filesystem" />
					<Add option="-lboost_system" />
				</Linker>
			</Target>
		</Build>
		<VirtualTargets>
			<Add alias="All" targets="Windows Debug;Windows Release;Linux Debug;Linux Release;" />
		</VirtualTargets>
		<Compiler>
			<Add option="-pedantic" />
			<Add option="-std=c++0x" />
			<Add option="-Wextra" />
			<Add option="-Wall" />
			<Add option="-fexceptions" />
		</Compiler>
		<Unit filename="Button.cpp">
			<Option virtualFolder="GUI/" />
		</Unit>
		<Unit filename="Button.hpp">
			<Option virtualFolder="GUI/" />
		</Unit>
		<Unit filename="Changes.txt" />
		<Unit filename="Clickable.cpp">
			<Option virtualFolder="Clickables/" />
		</Unit>
		<Unit filename="Clickable.hpp">
			<Option virtualFolder="Clickables/" />
		</Unit>
		<Unit filename="Colors.cpp" />
		<Unit filename="Colors.hpp" />
		<Unit filename="Draggable.cpp">
			<Option virtualFolder="Clickables/" />
		</Unit>
		<Unit filename="Draggable.hpp">
			<Option virtualFolder="Clickables/" />
		</Unit>
		<Unit filename="Enemy.cpp">
			<Option virtualFolder="Entities/" />
		</Unit>
		<Unit filename="Enemy.hpp">
			<Option virtualFolder="Entities/" />
		</Unit>
		<Unit filename="Entity.cpp">
			<Option virtualFolder="Entities/" />
		</Unit>
		<Unit filename="Entity.hpp">
			<Option virtualFolder="Entities/" />
		</Unit>
		<Unit filename="Globals.cpp" />
		<Unit filename="Globals.hpp" />
		<Unit filename="KeyClickable.cpp">
			<Option virtualFolder="Clickables/" />
		</Unit>
		<Unit filename="KeyClickable.hpp">
			<Option virtualFolder="Clickables/" />
		</Unit>
		<Unit filename="KeyMap.cpp" />
		<Unit filename="KeyMap.hpp" />
		<Unit filename="Lazer.cpp">
			<Option virtualFolder="Entities/" />
		</Unit>
		<Unit filename="Lazer.hpp">
			<Option virtualFolder="Entities/" />
		</Unit>
		<Unit filename="Maze.cpp" />
		<Unit filename="Maze.hpp" />
		<Unit filename="Menu.cpp">
			<Option virtualFolder="GUI/" />
		</Unit>
		<Unit filename="Menu.hpp">
			<Option virtualFolder="GUI/" />
		</Unit>
		<Unit filename="MenuEffect.sfx" />
		<Unit filename="MouseClickable.cpp">
			<Option virtualFolder="Clickables/" />
		</Unit>
		<Unit filename="MouseClickable.hpp">
			<Option virtualFolder="Clickables/" />
		</Unit>
		<Unit filename="Player.cpp">
			<Option virtualFolder="Entities/" />
		</Unit>
		<Unit filename="Player.hpp">
			<Option virtualFolder="Entities/" />
		</Unit>
		<Unit filename="README.txt" />
		<Unit filename="Saving.cpp" />
		<Unit filename="Saving.hpp" />
		<Unit filename="Scrollable.cpp">
			<Option virtualFolder="Clickables/" />
		</Unit>
		<Unit filename="Scrollable.hpp">
			<Option virtualFolder="Clickables/" />
		</Unit>
		<Unit filename="Settings.cpp" />
		<Unit filename="Settings.hpp" />
		<Unit filename="Terrain.cpp" />
		<Unit filename="Terrain.hpp" />
		<Unit filename="UIElement.cpp">
			<Option virtualFolder="GUI/" />
		</Unit>
		<Unit filename="UIElement.hpp">
			<Option virtualFolder="GUI/" />
		</Unit>
		<Unit filename="UIGroup.cpp">
			<Option virtualFolder="GUI/" />
		</Unit>
		<Unit filename="UIGroup.hpp">
			<Option virtualFolder="GUI/" />
		</Unit>
		<Unit filename="main.cpp" />
		<Unit filename="main.hpp" />
		<Unit filename="main.inl" />
		<Extensions>
			<code_completion />
			<envvars />
			<debugger />
			<lib_finder disable_auto="1" />
		</Extensions>
	</Project>
</CodeBlocks_project_file>
